// !$*UTF8*$!
{
	archiveVersion = 1;
	classes = {
	};
	objectVersion = 56;
	objects = {

/* Begin PBXBuildFile section */
		0818D8DDD1BCB7A7297756CD /* Pods_JuniorAcademyProject.framework in Frameworks */ = {isa = PBXBuildFile; fileRef = 9EAE99A6ED246F7E524FD394 /* Pods_JuniorAcademyProject.framework */; };
		756884DC2A24EEEA004A29D4 /* AppDelegate.swift in Sources */ = {isa = PBXBuildFile; fileRef = 756884DB2A24EEEA004A29D4 /* AppDelegate.swift */; };
		756884DE2A24EEEA004A29D4 /* SceneDelegate.swift in Sources */ = {isa = PBXBuildFile; fileRef = 756884DD2A24EEEA004A29D4 /* SceneDelegate.swift */; };
		756884E02A24EEEA004A29D4 /* GamesViewController.swift in Sources */ = {isa = PBXBuildFile; fileRef = 756884DF2A24EEEA004A29D4 /* GamesViewController.swift */; };
		756884E32A24EEEA004A29D4 /* Main.storyboard in Resources */ = {isa = PBXBuildFile; fileRef = 756884E12A24EEEA004A29D4 /* Main.storyboard */; };
		756884E52A24EEEA004A29D4 /* Assets.xcassets in Resources */ = {isa = PBXBuildFile; fileRef = 756884E42A24EEEA004A29D4 /* Assets.xcassets */; };
		756884E82A24EEEA004A29D4 /* LaunchScreen.storyboard in Resources */ = {isa = PBXBuildFile; fileRef = 756884E62A24EEEA004A29D4 /* LaunchScreen.storyboard */; };
		75BDC6F82A37B47200D537F3 /* GameDetailViewController.swift in Sources */ = {isa = PBXBuildFile; fileRef = 75BDC6F72A37B47200D537F3 /* GameDetailViewController.swift */; };
		75BDC6FA2A37BCDE00D537F3 /* GameDetailViewModel.swift in Sources */ = {isa = PBXBuildFile; fileRef = 75BDC6F92A37BCDE00D537F3 /* GameDetailViewModel.swift */; };
		75BDC6FC2A37BE5500D537F3 /* GameDetailItem.swift in Sources */ = {isa = PBXBuildFile; fileRef = 75BDC6FB2A37BE5500D537F3 /* GameDetailItem.swift */; };
		75BDC6FE2A37BF0B00D537F3 /* GameDetailView.swift in Sources */ = {isa = PBXBuildFile; fileRef = 75BDC6FD2A37BF0B00D537F3 /* GameDetailView.swift */; };
		75BDC7002A390DCB00D537F3 /* SeperatorView.swift in Sources */ = {isa = PBXBuildFile; fileRef = 75BDC6FF2A390DCB00D537F3 /* SeperatorView.swift */; };
		75CB5F9D2A361F5E00C67527 /* GamesService.swift in Sources */ = {isa = PBXBuildFile; fileRef = 75CB5F9C2A361F5E00C67527 /* GamesService.swift */; };
		75CB5FA02A361FC800C67527 /* GameModel.swift in Sources */ = {isa = PBXBuildFile; fileRef = 75CB5F9F2A361FC800C67527 /* GameModel.swift */; };
		75CB5FA22A361FF500C67527 /* GenreModel.swift in Sources */ = {isa = PBXBuildFile; fileRef = 75CB5FA12A361FF500C67527 /* GenreModel.swift */; };
		75CB5FA42A36235D00C67527 /* GameDetailModel.swift in Sources */ = {isa = PBXBuildFile; fileRef = 75CB5FA32A36235D00C67527 /* GameDetailModel.swift */; };
		75CB5FA62A3623D600C67527 /* GameResponse.swift in Sources */ = {isa = PBXBuildFile; fileRef = 75CB5FA52A3623D600C67527 /* GameResponse.swift */; };
		75CB5FA82A3623F000C67527 /* NetworkError.swift in Sources */ = {isa = PBXBuildFile; fileRef = 75CB5FA72A3623F000C67527 /* NetworkError.swift */; };
		75CB5FAB2A36278F00C67527 /* GamesView.swift in Sources */ = {isa = PBXBuildFile; fileRef = 75CB5FAA2A36278F00C67527 /* GamesView.swift */; };
		75CB5FAF2A363D9D00C67527 /* EmptyStateView.swift in Sources */ = {isa = PBXBuildFile; fileRef = 75CB5FAE2A363D9D00C67527 /* EmptyStateView.swift */; };
		75CB5FB12A363EA900C67527 /* EmptyViewItem.swift in Sources */ = {isa = PBXBuildFile; fileRef = 75CB5FB02A363EA900C67527 /* EmptyViewItem.swift */; };
		75CB5FB32A36498E00C67527 /* LoadingView.swift in Sources */ = {isa = PBXBuildFile; fileRef = 75CB5FB22A36498E00C67527 /* LoadingView.swift */; };
		75CB5FB52A36499E00C67527 /* LoadingViewItem.swift in Sources */ = {isa = PBXBuildFile; fileRef = 75CB5FB42A36499E00C67527 /* LoadingViewItem.swift */; };
		75CB5FB82A37078F00C67527 /* TabBarViewController.swift in Sources */ = {isa = PBXBuildFile; fileRef = 75CB5FB72A37078F00C67527 /* TabBarViewController.swift */; };
		75CB5FBA2A3707F300C67527 /* FavoritesViewController.swift in Sources */ = {isa = PBXBuildFile; fileRef = 75CB5FB92A3707F300C67527 /* FavoritesViewController.swift */; };
		75CB5FBC2A37172600C67527 /* CellView.swift in Sources */ = {isa = PBXBuildFile; fileRef = 75CB5FBB2A37172600C67527 /* CellView.swift */; };
		75CB5FBE2A371F1800C67527 /* CellItem.swift in Sources */ = {isa = PBXBuildFile; fileRef = 75CB5FBD2A371F1800C67527 /* CellItem.swift */; };
		75CB5FD02A378FE400C67527 /* Roboto-Thin.ttf in Resources */ = {isa = PBXBuildFile; fileRef = 75CB5FC42A378FE400C67527 /* Roboto-Thin.ttf */; };
		75CB5FD12A378FE400C67527 /* Roboto-Bold.ttf in Resources */ = {isa = PBXBuildFile; fileRef = 75CB5FC52A378FE400C67527 /* Roboto-Bold.ttf */; };
		75CB5FD22A378FE400C67527 /* Roboto-LightItalic.ttf in Resources */ = {isa = PBXBuildFile; fileRef = 75CB5FC62A378FE400C67527 /* Roboto-LightItalic.ttf */; };
		75CB5FD32A378FE400C67527 /* Roboto-ThinItalic.ttf in Resources */ = {isa = PBXBuildFile; fileRef = 75CB5FC72A378FE400C67527 /* Roboto-ThinItalic.ttf */; };
		75CB5FD42A378FE400C67527 /* Roboto-MediumItalic.ttf in Resources */ = {isa = PBXBuildFile; fileRef = 75CB5FC82A378FE400C67527 /* Roboto-MediumItalic.ttf */; };
		75CB5FD52A378FE400C67527 /* Roboto-Light.ttf in Resources */ = {isa = PBXBuildFile; fileRef = 75CB5FC92A378FE400C67527 /* Roboto-Light.ttf */; };
		75CB5FD62A378FE400C67527 /* Roboto-Italic.ttf in Resources */ = {isa = PBXBuildFile; fileRef = 75CB5FCA2A378FE400C67527 /* Roboto-Italic.ttf */; };
		75CB5FD72A378FE400C67527 /* Roboto-Regular.ttf in Resources */ = {isa = PBXBuildFile; fileRef = 75CB5FCB2A378FE400C67527 /* Roboto-Regular.ttf */; };
		75CB5FD82A378FE400C67527 /* Roboto-Medium.ttf in Resources */ = {isa = PBXBuildFile; fileRef = 75CB5FCC2A378FE400C67527 /* Roboto-Medium.ttf */; };
		75CB5FD92A378FE400C67527 /* Roboto-BlackItalic.ttf in Resources */ = {isa = PBXBuildFile; fileRef = 75CB5FCD2A378FE400C67527 /* Roboto-BlackItalic.ttf */; };
		75CB5FDA2A378FE400C67527 /* Roboto-BoldItalic.ttf in Resources */ = {isa = PBXBuildFile; fileRef = 75CB5FCE2A378FE400C67527 /* Roboto-BoldItalic.ttf */; };
		75CB5FDB2A378FE400C67527 /* Roboto-Black.ttf in Resources */ = {isa = PBXBuildFile; fileRef = 75CB5FCF2A378FE400C67527 /* Roboto-Black.ttf */; };
		75CB5FDE2A3792CE00C67527 /* GamesViewModel.swift in Sources */ = {isa = PBXBuildFile; fileRef = 75CB5FDD2A3792CE00C67527 /* GamesViewModel.swift */; };
		75CB5FE12A37959900C67527 /* TableViewAdapter.swift in Sources */ = {isa = PBXBuildFile; fileRef = 75CB5FE02A37959900C67527 /* TableViewAdapter.swift */; };
/* End PBXBuildFile section */

/* Begin PBXFileReference section */
		1A35C040109ACD94DA07D9CA /* Pods-JuniorAcademyProject.release.xcconfig */ = {isa = PBXFileReference; includeInIndex = 1; lastKnownFileType = text.xcconfig; name = "Pods-JuniorAcademyProject.release.xcconfig"; path = "Target Support Files/Pods-JuniorAcademyProject/Pods-JuniorAcademyProject.release.xcconfig"; sourceTree = "<group>"; };
		27FB3854FC93899E243F2381 /* Pods-JuniorAcademyProject.debug.xcconfig */ = {isa = PBXFileReference; includeInIndex = 1; lastKnownFileType = text.xcconfig; name = "Pods-JuniorAcademyProject.debug.xcconfig"; path = "Target Support Files/Pods-JuniorAcademyProject/Pods-JuniorAcademyProject.debug.xcconfig"; sourceTree = "<group>"; };
		756884D82A24EEEA004A29D4 /* JuniorAcademyProject.app */ = {isa = PBXFileReference; explicitFileType = wrapper.application; includeInIndex = 0; path = JuniorAcademyProject.app; sourceTree = BUILT_PRODUCTS_DIR; };
		756884DB2A24EEEA004A29D4 /* AppDelegate.swift */ = {isa = PBXFileReference; lastKnownFileType = sourcecode.swift; path = AppDelegate.swift; sourceTree = "<group>"; };
		756884DD2A24EEEA004A29D4 /* SceneDelegate.swift */ = {isa = PBXFileReference; lastKnownFileType = sourcecode.swift; path = SceneDelegate.swift; sourceTree = "<group>"; };
		756884DF2A24EEEA004A29D4 /* GamesViewController.swift */ = {isa = PBXFileReference; lastKnownFileType = sourcecode.swift; path = GamesViewController.swift; sourceTree = "<group>"; };
		756884E22A24EEEA004A29D4 /* Base */ = {isa = PBXFileReference; lastKnownFileType = file.storyboard; name = Base; path = Base.lproj/Main.storyboard; sourceTree = "<group>"; };
		756884E42A24EEEA004A29D4 /* Assets.xcassets */ = {isa = PBXFileReference; lastKnownFileType = folder.assetcatalog; path = Assets.xcassets; sourceTree = "<group>"; };
		756884E72A24EEEA004A29D4 /* Base */ = {isa = PBXFileReference; lastKnownFileType = file.storyboard; name = Base; path = Base.lproj/LaunchScreen.storyboard; sourceTree = "<group>"; };
		756884E92A24EEEA004A29D4 /* Info.plist */ = {isa = PBXFileReference; lastKnownFileType = text.plist.xml; path = Info.plist; sourceTree = "<group>"; };
		75BDC6F72A37B47200D537F3 /* GameDetailViewController.swift */ = {isa = PBXFileReference; lastKnownFileType = sourcecode.swift; path = GameDetailViewController.swift; sourceTree = "<group>"; };
		75BDC6F92A37BCDE00D537F3 /* GameDetailViewModel.swift */ = {isa = PBXFileReference; lastKnownFileType = sourcecode.swift; path = GameDetailViewModel.swift; sourceTree = "<group>"; };
		75BDC6FB2A37BE5500D537F3 /* GameDetailItem.swift */ = {isa = PBXFileReference; lastKnownFileType = sourcecode.swift; path = GameDetailItem.swift; sourceTree = "<group>"; };
		75BDC6FD2A37BF0B00D537F3 /* GameDetailView.swift */ = {isa = PBXFileReference; lastKnownFileType = sourcecode.swift; path = GameDetailView.swift; sourceTree = "<group>"; };
		75BDC6FF2A390DCB00D537F3 /* SeperatorView.swift */ = {isa = PBXFileReference; lastKnownFileType = sourcecode.swift; path = SeperatorView.swift; sourceTree = "<group>"; };
		75CB5F9C2A361F5E00C67527 /* GamesService.swift */ = {isa = PBXFileReference; lastKnownFileType = sourcecode.swift; path = GamesService.swift; sourceTree = "<group>"; };
		75CB5F9F2A361FC800C67527 /* GameModel.swift */ = {isa = PBXFileReference; lastKnownFileType = sourcecode.swift; path = GameModel.swift; sourceTree = "<group>"; };
		75CB5FA12A361FF500C67527 /* GenreModel.swift */ = {isa = PBXFileReference; lastKnownFileType = sourcecode.swift; path = GenreModel.swift; sourceTree = "<group>"; };
		75CB5FA32A36235D00C67527 /* GameDetailModel.swift */ = {isa = PBXFileReference; lastKnownFileType = sourcecode.swift; path = GameDetailModel.swift; sourceTree = "<group>"; };
		75CB5FA52A3623D600C67527 /* GameResponse.swift */ = {isa = PBXFileReference; lastKnownFileType = sourcecode.swift; path = GameResponse.swift; sourceTree = "<group>"; };
		75CB5FA72A3623F000C67527 /* NetworkError.swift */ = {isa = PBXFileReference; lastKnownFileType = sourcecode.swift; path = NetworkError.swift; sourceTree = "<group>"; };
		75CB5FAA2A36278F00C67527 /* GamesView.swift */ = {isa = PBXFileReference; lastKnownFileType = sourcecode.swift; path = GamesView.swift; sourceTree = "<group>"; };
		75CB5FAE2A363D9D00C67527 /* EmptyStateView.swift */ = {isa = PBXFileReference; lastKnownFileType = sourcecode.swift; path = EmptyStateView.swift; sourceTree = "<group>"; };
		75CB5FB02A363EA900C67527 /* EmptyViewItem.swift */ = {isa = PBXFileReference; lastKnownFileType = sourcecode.swift; path = EmptyViewItem.swift; sourceTree = "<group>"; };
		75CB5FB22A36498E00C67527 /* LoadingView.swift */ = {isa = PBXFileReference; lastKnownFileType = sourcecode.swift; path = LoadingView.swift; sourceTree = "<group>"; };
		75CB5FB42A36499E00C67527 /* LoadingViewItem.swift */ = {isa = PBXFileReference; lastKnownFileType = sourcecode.swift; path = LoadingViewItem.swift; sourceTree = "<group>"; };
		75CB5FB72A37078F00C67527 /* TabBarViewController.swift */ = {isa = PBXFileReference; lastKnownFileType = sourcecode.swift; path = TabBarViewController.swift; sourceTree = "<group>"; };
		75CB5FB92A3707F300C67527 /* FavoritesViewController.swift */ = {isa = PBXFileReference; lastKnownFileType = sourcecode.swift; path = FavoritesViewController.swift; sourceTree = "<group>"; };
		75CB5FBB2A37172600C67527 /* CellView.swift */ = {isa = PBXFileReference; lastKnownFileType = sourcecode.swift; path = CellView.swift; sourceTree = "<group>"; };
		75CB5FBD2A371F1800C67527 /* CellItem.swift */ = {isa = PBXFileReference; lastKnownFileType = sourcecode.swift; path = CellItem.swift; sourceTree = "<group>"; };
		75CB5FC42A378FE400C67527 /* Roboto-Thin.ttf */ = {isa = PBXFileReference; lastKnownFileType = file; path = "Roboto-Thin.ttf"; sourceTree = "<group>"; };
		75CB5FC52A378FE400C67527 /* Roboto-Bold.ttf */ = {isa = PBXFileReference; lastKnownFileType = file; path = "Roboto-Bold.ttf"; sourceTree = "<group>"; };
		75CB5FC62A378FE400C67527 /* Roboto-LightItalic.ttf */ = {isa = PBXFileReference; lastKnownFileType = file; path = "Roboto-LightItalic.ttf"; sourceTree = "<group>"; };
		75CB5FC72A378FE400C67527 /* Roboto-ThinItalic.ttf */ = {isa = PBXFileReference; lastKnownFileType = file; path = "Roboto-ThinItalic.ttf"; sourceTree = "<group>"; };
		75CB5FC82A378FE400C67527 /* Roboto-MediumItalic.ttf */ = {isa = PBXFileReference; lastKnownFileType = file; path = "Roboto-MediumItalic.ttf"; sourceTree = "<group>"; };
		75CB5FC92A378FE400C67527 /* Roboto-Light.ttf */ = {isa = PBXFileReference; lastKnownFileType = file; path = "Roboto-Light.ttf"; sourceTree = "<group>"; };
		75CB5FCA2A378FE400C67527 /* Roboto-Italic.ttf */ = {isa = PBXFileReference; lastKnownFileType = file; path = "Roboto-Italic.ttf"; sourceTree = "<group>"; };
		75CB5FCB2A378FE400C67527 /* Roboto-Regular.ttf */ = {isa = PBXFileReference; lastKnownFileType = file; path = "Roboto-Regular.ttf"; sourceTree = "<group>"; };
		75CB5FCC2A378FE400C67527 /* Roboto-Medium.ttf */ = {isa = PBXFileReference; lastKnownFileType = file; path = "Roboto-Medium.ttf"; sourceTree = "<group>"; };
		75CB5FCD2A378FE400C67527 /* Roboto-BlackItalic.ttf */ = {isa = PBXFileReference; lastKnownFileType = file; path = "Roboto-BlackItalic.ttf"; sourceTree = "<group>"; };
		75CB5FCE2A378FE400C67527 /* Roboto-BoldItalic.ttf */ = {isa = PBXFileReference; lastKnownFileType = file; path = "Roboto-BoldItalic.ttf"; sourceTree = "<group>"; };
		75CB5FCF2A378FE400C67527 /* Roboto-Black.ttf */ = {isa = PBXFileReference; lastKnownFileType = file; path = "Roboto-Black.ttf"; sourceTree = "<group>"; };
		75CB5FDD2A3792CE00C67527 /* GamesViewModel.swift */ = {isa = PBXFileReference; lastKnownFileType = sourcecode.swift; path = GamesViewModel.swift; sourceTree = "<group>"; };
		75CB5FE02A37959900C67527 /* TableViewAdapter.swift */ = {isa = PBXFileReference; lastKnownFileType = sourcecode.swift; path = TableViewAdapter.swift; sourceTree = "<group>"; };
		9EAE99A6ED246F7E524FD394 /* Pods_JuniorAcademyProject.framework */ = {isa = PBXFileReference; explicitFileType = wrapper.framework; includeInIndex = 0; path = Pods_JuniorAcademyProject.framework; sourceTree = BUILT_PRODUCTS_DIR; };
/* End PBXFileReference section */

/* Begin PBXFrameworksBuildPhase section */
		756884D52A24EEEA004A29D4 /* Frameworks */ = {
			isa = PBXFrameworksBuildPhase;
			buildActionMask = 2147483647;
			files = (
				0818D8DDD1BCB7A7297756CD /* Pods_JuniorAcademyProject.framework in Frameworks */,
			);
			runOnlyForDeploymentPostprocessing = 0;
		};
/* End PBXFrameworksBuildPhase section */

/* Begin PBXGroup section */
		756884CF2A24EEEA004A29D4 = {
			isa = PBXGroup;
			children = (
				756884DA2A24EEEA004A29D4 /* JuniorAcademyProject */,
				756884D92A24EEEA004A29D4 /* Products */,
				BAC79299C8DB01CCF62513FF /* Pods */,
				874CB707199D6302EB66767C /* Frameworks */,
			);
			sourceTree = "<group>";
		};
		756884D92A24EEEA004A29D4 /* Products */ = {
			isa = PBXGroup;
			children = (
				756884D82A24EEEA004A29D4 /* JuniorAcademyProject.app */,
			);
			name = Products;
			sourceTree = "<group>";
		};
		756884DA2A24EEEA004A29D4 /* JuniorAcademyProject */ = {
			isa = PBXGroup;
			children = (
				75CB5FDF2A37957400C67527 /* Adapters */,
				75CB5FDC2A3792BB00C67527 /* ViewModels */,
				75CB5FBF2A37258900C67527 /* Fonts */,
				75CB5FB62A364BF100C67527 /* Controllers */,
				75CB5FA92A36272C00C67527 /* Views */,
				75CB5F9E2A361FA900C67527 /* Models */,
				75CB5F9B2A361F3000C67527 /* Service */,
				756884DB2A24EEEA004A29D4 /* AppDelegate.swift */,
				756884DD2A24EEEA004A29D4 /* SceneDelegate.swift */,
				756884E12A24EEEA004A29D4 /* Main.storyboard */,
				756884E42A24EEEA004A29D4 /* Assets.xcassets */,
				756884E62A24EEEA004A29D4 /* LaunchScreen.storyboard */,
				756884E92A24EEEA004A29D4 /* Info.plist */,
			);
			path = JuniorAcademyProject;
			sourceTree = "<group>";
		};
		75CB5F9B2A361F3000C67527 /* Service */ = {
			isa = PBXGroup;
			children = (
				75CB5F9C2A361F5E00C67527 /* GamesService.swift */,
			);
			path = Service;
			sourceTree = "<group>";
		};
		75CB5F9E2A361FA900C67527 /* Models */ = {
			isa = PBXGroup;
			children = (
				75CB5F9F2A361FC800C67527 /* GameModel.swift */,
				75CB5FA12A361FF500C67527 /* GenreModel.swift */,
				75CB5FA32A36235D00C67527 /* GameDetailModel.swift */,
				75CB5FA52A3623D600C67527 /* GameResponse.swift */,
				75CB5FA72A3623F000C67527 /* NetworkError.swift */,
			);
			path = Models;
			sourceTree = "<group>";
		};
		75CB5FA92A36272C00C67527 /* Views */ = {
			isa = PBXGroup;
			children = (
				75CB5FAA2A36278F00C67527 /* GamesView.swift */,
				75CB5FAE2A363D9D00C67527 /* EmptyStateView.swift */,
				75CB5FB02A363EA900C67527 /* EmptyViewItem.swift */,
				75CB5FB22A36498E00C67527 /* LoadingView.swift */,
				75CB5FB42A36499E00C67527 /* LoadingViewItem.swift */,
				75CB5FBB2A37172600C67527 /* CellView.swift */,
				75CB5FBD2A371F1800C67527 /* CellItem.swift */,
				75BDC6FB2A37BE5500D537F3 /* GameDetailItem.swift */,
				75BDC6FD2A37BF0B00D537F3 /* GameDetailView.swift */,
				75BDC6FF2A390DCB00D537F3 /* SeperatorView.swift */,
			);
			path = Views;
			sourceTree = "<group>";
		};
		75CB5FB62A364BF100C67527 /* Controllers */ = {
			isa = PBXGroup;
			children = (
				756884DF2A24EEEA004A29D4 /* GamesViewController.swift */,
				75CB5FB72A37078F00C67527 /* TabBarViewController.swift */,
				75CB5FB92A3707F300C67527 /* FavoritesViewController.swift */,
				75BDC6F72A37B47200D537F3 /* GameDetailViewController.swift */,
			);
			path = Controllers;
			sourceTree = "<group>";
		};
		75CB5FBF2A37258900C67527 /* Fonts */ = {
			isa = PBXGroup;
			children = (
				75CB5FCF2A378FE400C67527 /* Roboto-Black.ttf */,
				75CB5FCD2A378FE400C67527 /* Roboto-BlackItalic.ttf */,
				75CB5FC52A378FE400C67527 /* Roboto-Bold.ttf */,
				75CB5FCE2A378FE400C67527 /* Roboto-BoldItalic.ttf */,
				75CB5FCA2A378FE400C67527 /* Roboto-Italic.ttf */,
				75CB5FC92A378FE400C67527 /* Roboto-Light.ttf */,
				75CB5FC62A378FE400C67527 /* Roboto-LightItalic.ttf */,
				75CB5FCC2A378FE400C67527 /* Roboto-Medium.ttf */,
				75CB5FC82A378FE400C67527 /* Roboto-MediumItalic.ttf */,
				75CB5FCB2A378FE400C67527 /* Roboto-Regular.ttf */,
				75CB5FC42A378FE400C67527 /* Roboto-Thin.ttf */,
				75CB5FC72A378FE400C67527 /* Roboto-ThinItalic.ttf */,
			);
			path = Fonts;
			sourceTree = "<group>";
		};
		75CB5FDC2A3792BB00C67527 /* ViewModels */ = {
			isa = PBXGroup;
			children = (
				75CB5FDD2A3792CE00C67527 /* GamesViewModel.swift */,
				75BDC6F92A37BCDE00D537F3 /* GameDetailViewModel.swift */,
			);
			path = ViewModels;
			sourceTree = "<group>";
		};
		75CB5FDF2A37957400C67527 /* Adapters */ = {
			isa = PBXGroup;
			children = (
				75CB5FE02A37959900C67527 /* TableViewAdapter.swift */,
			);
			path = Adapters;
			sourceTree = "<group>";
		};
		874CB707199D6302EB66767C /* Frameworks */ = {
			isa = PBXGroup;
			children = (
				9EAE99A6ED246F7E524FD394 /* Pods_JuniorAcademyProject.framework */,
			);
			name = Frameworks;
			sourceTree = "<group>";
		};
		BAC79299C8DB01CCF62513FF /* Pods */ = {
			isa = PBXGroup;
			children = (
				27FB3854FC93899E243F2381 /* Pods-JuniorAcademyProject.debug.xcconfig */,
				1A35C040109ACD94DA07D9CA /* Pods-JuniorAcademyProject.release.xcconfig */,
			);
			path = Pods;
			sourceTree = "<group>";
		};
/* End PBXGroup section */

/* Begin PBXNativeTarget section */
		756884D72A24EEEA004A29D4 /* JuniorAcademyProject */ = {
			isa = PBXNativeTarget;
			buildConfigurationList = 756884EC2A24EEEA004A29D4 /* Build configuration list for PBXNativeTarget "JuniorAcademyProject" */;
			buildPhases = (
				0B80783825755BE822DBFC40 /* [CP] Check Pods Manifest.lock */,
				756884D42A24EEEA004A29D4 /* Sources */,
				756884D52A24EEEA004A29D4 /* Frameworks */,
				756884D62A24EEEA004A29D4 /* Resources */,
				5A884B9357257BCCFF72DA61 /* [CP] Embed Pods Frameworks */,
			);
			buildRules = (
			);
			dependencies = (
			);
			name = JuniorAcademyProject;
			productName = JuniorAcademyProject;
			productReference = 756884D82A24EEEA004A29D4 /* JuniorAcademyProject.app */;
			productType = "com.apple.product-type.application";
		};
/* End PBXNativeTarget section */

/* Begin PBXProject section */
		756884D02A24EEEA004A29D4 /* Project object */ = {
			isa = PBXProject;
			attributes = {
				BuildIndependentTargetsInParallel = 1;
				LastSwiftUpdateCheck = 1420;
				LastUpgradeCheck = 1420;
				TargetAttributes = {
					756884D72A24EEEA004A29D4 = {
						CreatedOnToolsVersion = 14.2;
					};
				};
			};
			buildConfigurationList = 756884D32A24EEEA004A29D4 /* Build configuration list for PBXProject "JuniorAcademyProject" */;
			compatibilityVersion = "Xcode 14.0";
			developmentRegion = en;
			hasScannedForEncodings = 0;
			knownRegions = (
				en,
				Base,
			);
			mainGroup = 756884CF2A24EEEA004A29D4;
			productRefGroup = 756884D92A24EEEA004A29D4 /* Products */;
			projectDirPath = "";
			projectRoot = "";
			targets = (
				756884D72A24EEEA004A29D4 /* JuniorAcademyProject */,
			);
		};
/* End PBXProject section */

/* Begin PBXResourcesBuildPhase section */
		756884D62A24EEEA004A29D4 /* Resources */ = {
			isa = PBXResourcesBuildPhase;
			buildActionMask = 2147483647;
			files = (
				75CB5FD02A378FE400C67527 /* Roboto-Thin.ttf in Resources */,
				75CB5FD72A378FE400C67527 /* Roboto-Regular.ttf in Resources */,
				75CB5FDB2A378FE400C67527 /* Roboto-Black.ttf in Resources */,
				756884E82A24EEEA004A29D4 /* LaunchScreen.storyboard in Resources */,
				75CB5FD22A378FE400C67527 /* Roboto-LightItalic.ttf in Resources */,
				75CB5FD32A378FE400C67527 /* Roboto-ThinItalic.ttf in Resources */,
				75CB5FD42A378FE400C67527 /* Roboto-MediumItalic.ttf in Resources */,
				75CB5FD92A378FE400C67527 /* Roboto-BlackItalic.ttf in Resources */,
				75CB5FD12A378FE400C67527 /* Roboto-Bold.ttf in Resources */,
				756884E52A24EEEA004A29D4 /* Assets.xcassets in Resources */,
				75CB5FD82A378FE400C67527 /* Roboto-Medium.ttf in Resources */,
				75CB5FD62A378FE400C67527 /* Roboto-Italic.ttf in Resources */,
				756884E32A24EEEA004A29D4 /* Main.storyboard in Resources */,
				75CB5FDA2A378FE400C67527 /* Roboto-BoldItalic.ttf in Resources */,
				75CB5FD52A378FE400C67527 /* Roboto-Light.ttf in Resources */,
			);
			runOnlyForDeploymentPostprocessing = 0;
		};
/* End PBXResourcesBuildPhase section */

/* Begin PBXShellScriptBuildPhase section */
		0B80783825755BE822DBFC40 /* [CP] Check Pods Manifest.lock */ = {
			isa = PBXShellScriptBuildPhase;
			buildActionMask = 2147483647;
			files = (
			);
			inputFileListPaths = (
			);
			inputPaths = (
				"${PODS_PODFILE_DIR_PATH}/Podfile.lock",
				"${PODS_ROOT}/Manifest.lock",
			);
			name = "[CP] Check Pods Manifest.lock";
			outputFileListPaths = (
			);
			outputPaths = (
				"$(DERIVED_FILE_DIR)/Pods-JuniorAcademyProject-checkManifestLockResult.txt",
			);
			runOnlyForDeploymentPostprocessing = 0;
			shellPath = /bin/sh;
			shellScript = "diff \"${PODS_PODFILE_DIR_PATH}/Podfile.lock\" \"${PODS_ROOT}/Manifest.lock\" > /dev/null\nif [ $? != 0 ] ; then\n    # print error to STDERR\n    echo \"error: The sandbox is not in sync with the Podfile.lock. Run 'pod install' or update your CocoaPods installation.\" >&2\n    exit 1\nfi\n# This output is used by Xcode 'outputs' to avoid re-running this script phase.\necho \"SUCCESS\" > \"${SCRIPT_OUTPUT_FILE_0}\"\n";
			showEnvVarsInLog = 0;
		};
		5A884B9357257BCCFF72DA61 /* [CP] Embed Pods Frameworks */ = {
			isa = PBXShellScriptBuildPhase;
			buildActionMask = 2147483647;
			files = (
			);
			inputFileListPaths = (
				"${PODS_ROOT}/Target Support Files/Pods-JuniorAcademyProject/Pods-JuniorAcademyProject-frameworks-${CONFIGURATION}-input-files.xcfilelist",
			);
			name = "[CP] Embed Pods Frameworks";
			outputFileListPaths = (
				"${PODS_ROOT}/Target Support Files/Pods-JuniorAcademyProject/Pods-JuniorAcademyProject-frameworks-${CONFIGURATION}-output-files.xcfilelist",
			);
			runOnlyForDeploymentPostprocessing = 0;
			shellPath = /bin/sh;
			shellScript = "\"${PODS_ROOT}/Target Support Files/Pods-JuniorAcademyProject/Pods-JuniorAcademyProject-frameworks.sh\"\n";
			showEnvVarsInLog = 0;
		};
/* End PBXShellScriptBuildPhase section */

/* Begin PBXSourcesBuildPhase section */
		756884D42A24EEEA004A29D4 /* Sources */ = {
			isa = PBXSourcesBuildPhase;
			buildActionMask = 2147483647;
			files = (
				75CB5FA02A361FC800C67527 /* GameModel.swift in Sources */,
				75BDC6FA2A37BCDE00D537F3 /* GameDetailViewModel.swift in Sources */,
				756884E02A24EEEA004A29D4 /* GamesViewController.swift in Sources */,
				756884DC2A24EEEA004A29D4 /* AppDelegate.swift in Sources */,
				75CB5FB12A363EA900C67527 /* EmptyViewItem.swift in Sources */,
				75BDC6FC2A37BE5500D537F3 /* GameDetailItem.swift in Sources */,
				75CB5FA22A361FF500C67527 /* GenreModel.swift in Sources */,
				75CB5FAB2A36278F00C67527 /* GamesView.swift in Sources */,
				756884DE2A24EEEA004A29D4 /* SceneDelegate.swift in Sources */,
				75BDC6F82A37B47200D537F3 /* GameDetailViewController.swift in Sources */,
				75BDC7002A390DCB00D537F3 /* SeperatorView.swift in Sources */,
				75CB5FBC2A37172600C67527 /* CellView.swift in Sources */,
				75CB5FB52A36499E00C67527 /* LoadingViewItem.swift in Sources */,
				75CB5FA42A36235D00C67527 /* GameDetailModel.swift in Sources */,
				75CB5FBE2A371F1800C67527 /* CellItem.swift in Sources */,
				75CB5FA82A3623F000C67527 /* NetworkError.swift in Sources */,
				75BDC6FE2A37BF0B00D537F3 /* GameDetailView.swift in Sources */,
				75CB5FBA2A3707F300C67527 /* FavoritesViewController.swift in Sources */,
				75CB5FE12A37959900C67527 /* TableViewAdapter.swift in Sources */,
				75CB5FDE2A3792CE00C67527 /* GamesViewModel.swift in Sources */,
				75CB5FA62A3623D600C67527 /* GameResponse.swift in Sources */,
				75CB5F9D2A361F5E00C67527 /* GamesService.swift in Sources */,
				75CB5FB32A36498E00C67527 /* LoadingView.swift in Sources */,
				75CB5FB82A37078F00C67527 /* TabBarViewController.swift in Sources */,
				75CB5FAF2A363D9D00C67527 /* EmptyStateView.swift in Sources */,
			);
			runOnlyForDeploymentPostprocessing = 0;
		};
/* End PBXSourcesBuildPhase section */

/* Begin PBXVariantGroup section */
		756884E12A24EEEA004A29D4 /* Main.storyboard */ = {
			isa = PBXVariantGroup;
			children = (
				756884E22A24EEEA004A29D4 /* Base */,
			);
			name = Main.storyboard;
			sourceTree = "<group>";
		};
		756884E62A24EEEA004A29D4 /* LaunchScreen.storyboard */ = {
			isa = PBXVariantGroup;
			children = (
				756884E72A24EEEA004A29D4 /* Base */,
			);
			name = LaunchScreen.storyboard;
			sourceTree = "<group>";
		};
/* End PBXVariantGroup section */

/* Begin XCBuildConfiguration section */
		756884EA2A24EEEA004A29D4 /* Debug */ = {
			isa = XCBuildConfiguration;
			buildSettings = {
				ALWAYS_SEARCH_USER_PATHS = NO;
				CLANG_ANALYZER_NONNULL = YES;
				CLANG_ANALYZER_NUMBER_OBJECT_CONVERSION = YES_AGGRESSIVE;
				CLANG_CXX_LANGUAGE_STANDARD = "gnu++20";
				CLANG_ENABLE_MODULES = YES;
				CLANG_ENABLE_OBJC_ARC = YES;
				CLANG_ENABLE_OBJC_WEAK = YES;
				CLANG_WARN_BLOCK_CAPTURE_AUTORELEASING = YES;
				CLANG_WARN_BOOL_CONVERSION = YES;
				CLANG_WARN_COMMA = YES;
				CLANG_WARN_CONSTANT_CONVERSION = YES;
				CLANG_WARN_DEPRECATED_OBJC_IMPLEMENTATIONS = YES;
				CLANG_WARN_DIRECT_OBJC_ISA_USAGE = YES_ERROR;
				CLANG_WARN_DOCUMENTATION_COMMENTS = YES;
				CLANG_WARN_EMPTY_BODY = YES;
				CLANG_WARN_ENUM_CONVERSION = YES;
				CLANG_WARN_INFINITE_RECURSION = YES;
				CLANG_WARN_INT_CONVERSION = YES;
				CLANG_WARN_NON_LITERAL_NULL_CONVERSION = YES;
				CLANG_WARN_OBJC_IMPLICIT_RETAIN_SELF = YES;
				CLANG_WARN_OBJC_LITERAL_CONVERSION = YES;
				CLANG_WARN_OBJC_ROOT_CLASS = YES_ERROR;
				CLANG_WARN_QUOTED_INCLUDE_IN_FRAMEWORK_HEADER = YES;
				CLANG_WARN_RANGE_LOOP_ANALYSIS = YES;
				CLANG_WARN_STRICT_PROTOTYPES = YES;
				CLANG_WARN_SUSPICIOUS_MOVE = YES;
				CLANG_WARN_UNGUARDED_AVAILABILITY = YES_AGGRESSIVE;
				CLANG_WARN_UNREACHABLE_CODE = YES;
				CLANG_WARN__DUPLICATE_METHOD_MATCH = YES;
				COPY_PHASE_STRIP = NO;
				DEBUG_INFORMATION_FORMAT = dwarf;
				ENABLE_STRICT_OBJC_MSGSEND = YES;
				ENABLE_TESTABILITY = YES;
				GCC_C_LANGUAGE_STANDARD = gnu11;
				GCC_DYNAMIC_NO_PIC = NO;
				GCC_NO_COMMON_BLOCKS = YES;
				GCC_OPTIMIZATION_LEVEL = 0;
				GCC_PREPROCESSOR_DEFINITIONS = (
					"DEBUG=1",
					"$(inherited)",
				);
				GCC_WARN_64_TO_32_BIT_CONVERSION = YES;
				GCC_WARN_ABOUT_RETURN_TYPE = YES_ERROR;
				GCC_WARN_UNDECLARED_SELECTOR = YES;
				GCC_WARN_UNINITIALIZED_AUTOS = YES_AGGRESSIVE;
				GCC_WARN_UNUSED_FUNCTION = YES;
				GCC_WARN_UNUSED_VARIABLE = YES;
				IPHONEOS_DEPLOYMENT_TARGET = 16.2;
				MTL_ENABLE_DEBUG_INFO = INCLUDE_SOURCE;
				MTL_FAST_MATH = YES;
				ONLY_ACTIVE_ARCH = YES;
				SDKROOT = iphoneos;
				SWIFT_ACTIVE_COMPILATION_CONDITIONS = DEBUG;
				SWIFT_OPTIMIZATION_LEVEL = "-Onone";
			};
			name = Debug;
		};
		756884EB2A24EEEA004A29D4 /* Release */ = {
			isa = XCBuildConfiguration;
			buildSettings = {
				ALWAYS_SEARCH_USER_PATHS = NO;
				CLANG_ANALYZER_NONNULL = YES;
				CLANG_ANALYZER_NUMBER_OBJECT_CONVERSION = YES_AGGRESSIVE;
				CLANG_CXX_LANGUAGE_STANDARD = "gnu++20";
				CLANG_ENABLE_MODULES = YES;
				CLANG_ENABLE_OBJC_ARC = YES;
				CLANG_ENABLE_OBJC_WEAK = YES;
				CLANG_WARN_BLOCK_CAPTURE_AUTORELEASING = YES;
				CLANG_WARN_BOOL_CONVERSION = YES;
				CLANG_WARN_COMMA = YES;
				CLANG_WARN_CONSTANT_CONVERSION = YES;
				CLANG_WARN_DEPRECATED_OBJC_IMPLEMENTATIONS = YES;
				CLANG_WARN_DIRECT_OBJC_ISA_USAGE = YES_ERROR;
				CLANG_WARN_DOCUMENTATION_COMMENTS = YES;
				CLANG_WARN_EMPTY_BODY = YES;
				CLANG_WARN_ENUM_CONVERSION = YES;
				CLANG_WARN_INFINITE_RECURSION = YES;
				CLANG_WARN_INT_CONVERSION = YES;
				CLANG_WARN_NON_LITERAL_NULL_CONVERSION = YES;
				CLANG_WARN_OBJC_IMPLICIT_RETAIN_SELF = YES;
				CLANG_WARN_OBJC_LITERAL_CONVERSION = YES;
				CLANG_WARN_OBJC_ROOT_CLASS = YES_ERROR;
				CLANG_WARN_QUOTED_INCLUDE_IN_FRAMEWORK_HEADER = YES;
				CLANG_WARN_RANGE_LOOP_ANALYSIS = YES;
				CLANG_WARN_STRICT_PROTOTYPES = YES;
				CLANG_WARN_SUSPICIOUS_MOVE = YES;
				CLANG_WARN_UNGUARDED_AVAILABILITY = YES_AGGRESSIVE;
				CLANG_WARN_UNREACHABLE_CODE = YES;
				CLANG_WARN__DUPLICATE_METHOD_MATCH = YES;
				COPY_PHASE_STRIP = NO;
				DEBUG_INFORMATION_FORMAT = "dwarf-with-dsym";
				ENABLE_NS_ASSERTIONS = NO;
				ENABLE_STRICT_OBJC_MSGSEND = YES;
				GCC_C_LANGUAGE_STANDARD = gnu11;
				GCC_NO_COMMON_BLOCKS = YES;
				GCC_WARN_64_TO_32_BIT_CONVERSION = YES;
				GCC_WARN_ABOUT_RETURN_TYPE = YES_ERROR;
				GCC_WARN_UNDECLARED_SELECTOR = YES;
				GCC_WARN_UNINITIALIZED_AUTOS = YES_AGGRESSIVE;
				GCC_WARN_UNUSED_FUNCTION = YES;
				GCC_WARN_UNUSED_VARIABLE = YES;
				IPHONEOS_DEPLOYMENT_TARGET = 16.2;
				MTL_ENABLE_DEBUG_INFO = NO;
				MTL_FAST_MATH = YES;
				SDKROOT = iphoneos;
				SWIFT_COMPILATION_MODE = wholemodule;
				SWIFT_OPTIMIZATION_LEVEL = "-O";
				VALIDATE_PRODUCT = YES;
			};
			name = Release;
		};
		756884ED2A24EEEA004A29D4 /* Debug */ = {
			isa = XCBuildConfiguration;
			baseConfigurationReference = 27FB3854FC93899E243F2381 /* Pods-JuniorAcademyProject.debug.xcconfig */;
			buildSettings = {
				ASSETCATALOG_COMPILER_APPICON_NAME = AppIcon;
				ASSETCATALOG_COMPILER_GLOBAL_ACCENT_COLOR_NAME = AccentColor;
				CODE_SIGN_STYLE = Automatic;
				CURRENT_PROJECT_VERSION = 1;
				GENERATE_INFOPLIST_FILE = YES;
				INFOPLIST_FILE = JuniorAcademyProject/Info.plist;
				INFOPLIST_KEY_UIApplicationSupportsIndirectInputEvents = YES;
				INFOPLIST_KEY_UILaunchStoryboardName = LaunchScreen;
				INFOPLIST_KEY_UIMainStoryboardFile = Main;
				INFOPLIST_KEY_UISupportedInterfaceOrientations_iPad = "UIInterfaceOrientationPortrait UIInterfaceOrientationPortraitUpsideDown UIInterfaceOrientationLandscapeLeft UIInterfaceOrientationLandscapeRight";
				INFOPLIST_KEY_UISupportedInterfaceOrientations_iPhone = "UIInterfaceOrientationPortrait UIInterfaceOrientationLandscapeLeft UIInterfaceOrientationLandscapeRight";
				LD_RUNPATH_SEARCH_PATHS = (
					"$(inherited)",
					"@executable_path/Frameworks",
				);
				MARKETING_VERSION = 1.0;
				PRODUCT_BUNDLE_IDENTIFIER = co.burhanemirkeles.JuniorAcademyProject;
				PRODUCT_NAME = "$(TARGET_NAME)";
				SWIFT_EMIT_LOC_STRINGS = YES;
				SWIFT_VERSION = 5.0;
				TARGETED_DEVICE_FAMILY = "1,2";
			};
			name = Debug;
		};
		756884EE2A24EEEA004A29D4 /* Release */ = {
			isa = XCBuildConfiguration;
			baseConfigurationReference = 1A35C040109ACD94DA07D9CA /* Pods-JuniorAcademyProject.release.xcconfig */;
			buildSettings = {
				ASSETCATALOG_COMPILER_APPICON_NAME = AppIcon;
				ASSETCATALOG_COMPILER_GLOBAL_ACCENT_COLOR_NAME = AccentColor;
				CODE_SIGN_STYLE = Automatic;
				CURRENT_PROJECT_VERSION = 1;
				GENERATE_INFOPLIST_FILE = YES;
				INFOPLIST_FILE = JuniorAcademyProject/Info.plist;
				INFOPLIST_KEY_UIApplicationSupportsIndirectInputEvents = YES;
				INFOPLIST_KEY_UILaunchStoryboardName = LaunchScreen;
				INFOPLIST_KEY_UIMainStoryboardFile = Main;
				INFOPLIST_KEY_UISupportedInterfaceOrientations_iPad = "UIInterfaceOrientationPortrait UIInterfaceOrientationPortraitUpsideDown UIInterfaceOrientationLandscapeLeft UIInterfaceOrientationLandscapeRight";
				INFOPLIST_KEY_UISupportedInterfaceOrientations_iPhone = "UIInterfaceOrientationPortrait UIInterfaceOrientationLandscapeLeft UIInterfaceOrientationLandscapeRight";
				LD_RUNPATH_SEARCH_PATHS = (
					"$(inherited)",
					"@executable_path/Frameworks",
				);
				MARKETING_VERSION = 1.0;
				PRODUCT_BUNDLE_IDENTIFIER = co.burhanemirkeles.JuniorAcademyProject;
				PRODUCT_NAME = "$(TARGET_NAME)";
				SWIFT_EMIT_LOC_STRINGS = YES;
				SWIFT_VERSION = 5.0;
				TARGETED_DEVICE_FAMILY = "1,2";
			};
			name = Release;
		};
/* End XCBuildConfiguration section */

/* Begin XCConfigurationList section */
		756884D32A24EEEA004A29D4 /* Build configuration list for PBXProject "JuniorAcademyProject" */ = {
			isa = XCConfigurationList;
			buildConfigurations = (
				756884EA2A24EEEA004A29D4 /* Debug */,
				756884EB2A24EEEA004A29D4 /* Release */,
			);
			defaultConfigurationIsVisible = 0;
			defaultConfigurationName = Release;
		};
		756884EC2A24EEEA004A29D4 /* Build configuration list for PBXNativeTarget "JuniorAcademyProject" */ = {
			isa = XCConfigurationList;
			buildConfigurations = (
				756884ED2A24EEEA004A29D4 /* Debug */,
				756884EE2A24EEEA004A29D4 /* Release */,
			);
			defaultConfigurationIsVisible = 0;
			defaultConfigurationName = Release;
		};
/* End XCConfigurationList section */
	};
	rootObject = 756884D02A24EEEA004A29D4 /* Project object */;
}
